// !$*UTF8*$!
{
	archiveVersion = 1;
	classes = {
	};
	objectVersion = 77;
	objects = {

/* Begin PBXBuildFile section */
		24569A509459D10D1283AE15 /* TradingModel.swift in Sources */ = {isa = PBXBuildFile; fileRef = 3E573B57A28A805B2B7833D8 /* TradingModel.swift */; };
		501D8AC131198B6CEB0D520C /* ScreenshotWatcher.swift in Sources */ = {isa = PBXBuildFile; fileRef = 518321836AFA953152FCA9C7 /* ScreenshotWatcher.swift */; };
		5410382400B37BA4FEB740ED /* AppModel.swift in Sources */ = {isa = PBXBuildFile; fileRef = FAE22C05D3F9DDAC21A9788A /* AppModel.swift */; };
		543EB198583D68E3B7043EF8 /* PermissionManager.swift in Sources */ = {isa = PBXBuildFile; fileRef = 7C3E2617C5DF70220D0F8C89 /* PermissionManager.swift */; };
		5E7BE7F3AD8747343FA5A314 /* ActionEnricher.swift in Sources */ = {isa = PBXBuildFile; fileRef = 5C9B686DF94707CAE7BAF74C /* ActionEnricher.swift */; };
		7D441E742BD2490143EFDD82 /* Recording.swift in Sources */ = {isa = PBXBuildFile; fileRef = 0F74925DF3E903F1B03DEC1F /* Recording.swift */; };
		83AB64FB07ADB747FEC79BCB /* Database.swift in Sources */ = {isa = PBXBuildFile; fileRef = F055685992C142ED18A3FB81 /* Database.swift */; };
		8474942B85295BBC9F1C505F /* OCRRunner.swift in Sources */ = {isa = PBXBuildFile; fileRef = 9A220E413E79D180471905BA /* OCRRunner.swift */; };
		8B5657379063AD9046D08E51 /* RetentionManager.swift in Sources */ = {isa = PBXBuildFile; fileRef = 5E0F5691EE0080806451118B /* RetentionManager.swift */; };
		9FD10DBA0ECBD9E706B1707A /* RecordingStore.swift in Sources */ = {isa = PBXBuildFile; fileRef = 32A951D222A8D4DD8AAD79E5 /* RecordingStore.swift */; };
		A9FF00CC6B11B48AF41F5D99 /* main.swift in Sources */ = {isa = PBXBuildFile; fileRef = 2BEA7BC73B24023EFE4F4300 /* main.swift */; };
		AF36FFA880182158132DEAC5 /* ContentView.swift in Sources */ = {isa = PBXBuildFile; fileRef = 28B7BBAD814E194767539682 /* ContentView.swift */; };
		B49F3F7202E0F29BC100DA7C /* Backtester.swift in Sources */ = {isa = PBXBuildFile; fileRef = AF780801FB000C2C4ABCAFA9 /* Backtester.swift */; };
		B5725E601C6967B1CAE6E298 /* JSONLExporter.swift in Sources */ = {isa = PBXBuildFile; fileRef = 704B6A7D2C4798317DB94247 /* JSONLExporter.swift */; };
		B765CC07C8F663CFA98F2B46 /* ImageRecognizer.swift in Sources */ = {isa = PBXBuildFile; fileRef = 24FB3AC93B541CFCF6902AB9 /* ImageRecognizer.swift */; };
		B87FF7A607A83EA3D5CB05DA /* BlobStore.swift in Sources */ = {isa = PBXBuildFile; fileRef = C1487B95BBC4282F8C81E939 /* BlobStore.swift */; };
		B9C565229CAC5968CB2A2150 /* GRDB in Frameworks */ = {isa = PBXBuildFile; productRef = A59AA73AEA287C96278D31B1 /* GRDB */; };
		DA45BFFAFBCDB8D67E4E6EB7 /* ScreenReader.swift in Sources */ = {isa = PBXBuildFile; fileRef = 37B4119D120032A3509A2F22 /* ScreenReader.swift */; };
		DD8909838D8FFFDAE7AF312E /* Redactor.swift in Sources */ = {isa = PBXBuildFile; fileRef = 81B5623C9F88A933BF461A01 /* Redactor.swift */; };
		E126DB1CCFF40045DDED3628 /* EventRecorder.swift in Sources */ = {isa = PBXBuildFile; fileRef = 95FBC48E8D1C6480C35A61A1 /* EventRecorder.swift */; };
		E7CC00D28DEC47CCE2204F14 /* ClickLogger.swift in Sources */ = {isa = PBXBuildFile; fileRef = 925BC6D618D97EAFFF9021B9 /* ClickLogger.swift */; };
		F3CEA51FCBF06E1BECBDFCB2 /* EventPlayer.swift in Sources */ = {isa = PBXBuildFile; fileRef = 5ABEF484FBDACBF40285F4B8 /* EventPlayer.swift */; };
		FF10F0BD4B6D596EB987289F /* ScreenCapture.swift in Sources */ = {isa = PBXBuildFile; fileRef = A142BFA38ED805376C2A6A95 /* ScreenCapture.swift */; };
/* End PBXBuildFile section */

/* Begin PBXFileReference section */
		0F74925DF3E903F1B03DEC1F /* Recording.swift */ = {isa = PBXFileReference; lastKnownFileType = sourcecode.swift; path = Recording.swift; sourceTree = "<group>"; };
		24FB3AC93B541CFCF6902AB9 /* ImageRecognizer.swift */ = {isa = PBXFileReference; lastKnownFileType = sourcecode.swift; path = ImageRecognizer.swift; sourceTree = "<group>"; };
		28B7BBAD814E194767539682 /* ContentView.swift */ = {isa = PBXFileReference; lastKnownFileType = sourcecode.swift; path = ContentView.swift; sourceTree = "<group>"; };
		2BEA7BC73B24023EFE4F4300 /* main.swift */ = {isa = PBXFileReference; lastKnownFileType = sourcecode.swift; path = main.swift; sourceTree = "<group>"; };
		32A951D222A8D4DD8AAD79E5 /* RecordingStore.swift */ = {isa = PBXFileReference; lastKnownFileType = sourcecode.swift; path = RecordingStore.swift; sourceTree = "<group>"; };
		37B4119D120032A3509A2F22 /* ScreenReader.swift */ = {isa = PBXFileReference; lastKnownFileType = sourcecode.swift; path = ScreenReader.swift; sourceTree = "<group>"; };
		3E573B57A28A805B2B7833D8 /* TradingModel.swift */ = {isa = PBXFileReference; lastKnownFileType = sourcecode.swift; path = TradingModel.swift; sourceTree = "<group>"; };
		518321836AFA953152FCA9C7 /* ScreenshotWatcher.swift */ = {isa = PBXFileReference; lastKnownFileType = sourcecode.swift; path = ScreenshotWatcher.swift; sourceTree = "<group>"; };
		5ABEF484FBDACBF40285F4B8 /* EventPlayer.swift */ = {isa = PBXFileReference; lastKnownFileType = sourcecode.swift; path = EventPlayer.swift; sourceTree = "<group>"; };
		5C9B686DF94707CAE7BAF74C /* ActionEnricher.swift */ = {isa = PBXFileReference; lastKnownFileType = sourcecode.swift; path = ActionEnricher.swift; sourceTree = "<group>"; };
		5E0F5691EE0080806451118B /* RetentionManager.swift */ = {isa = PBXFileReference; lastKnownFileType = sourcecode.swift; path = RetentionManager.swift; sourceTree = "<group>"; };
		704B6A7D2C4798317DB94247 /* JSONLExporter.swift */ = {isa = PBXFileReference; lastKnownFileType = sourcecode.swift; path = JSONLExporter.swift; sourceTree = "<group>"; };
		7C3E2617C5DF70220D0F8C89 /* PermissionManager.swift */ = {isa = PBXFileReference; lastKnownFileType = sourcecode.swift; path = PermissionManager.swift; sourceTree = "<group>"; };
		81B5623C9F88A933BF461A01 /* Redactor.swift */ = {isa = PBXFileReference; lastKnownFileType = sourcecode.swift; path = Redactor.swift; sourceTree = "<group>"; };
		925BC6D618D97EAFFF9021B9 /* ClickLogger.swift */ = {isa = PBXFileReference; lastKnownFileType = sourcecode.swift; path = ClickLogger.swift; sourceTree = "<group>"; };
		95FBC48E8D1C6480C35A61A1 /* EventRecorder.swift */ = {isa = PBXFileReference; lastKnownFileType = sourcecode.swift; path = EventRecorder.swift; sourceTree = "<group>"; };
		9A220E413E79D180471905BA /* OCRRunner.swift */ = {isa = PBXFileReference; lastKnownFileType = sourcecode.swift; path = OCRRunner.swift; sourceTree = "<group>"; };
		A142BFA38ED805376C2A6A95 /* ScreenCapture.swift */ = {isa = PBXFileReference; lastKnownFileType = sourcecode.swift; path = ScreenCapture.swift; sourceTree = "<group>"; };
		A3683AD26F74F8A1FED79767 /* Bitscope.app */ = {isa = PBXFileReference; explicitFileType = wrapper.application; includeInIndex = 0; path = Bitscope.app; sourceTree = BUILT_PRODUCTS_DIR; };
		AF780801FB000C2C4ABCAFA9 /* Backtester.swift */ = {isa = PBXFileReference; lastKnownFileType = sourcecode.swift; path = Backtester.swift; sourceTree = "<group>"; };
		C1487B95BBC4282F8C81E939 /* BlobStore.swift */ = {isa = PBXFileReference; lastKnownFileType = sourcecode.swift; path = BlobStore.swift; sourceTree = "<group>"; };
		F055685992C142ED18A3FB81 /* Database.swift */ = {isa = PBXFileReference; lastKnownFileType = sourcecode.swift; path = Database.swift; sourceTree = "<group>"; };
		FAE22C05D3F9DDAC21A9788A /* AppModel.swift */ = {isa = PBXFileReference; lastKnownFileType = sourcecode.swift; path = AppModel.swift; sourceTree = "<group>"; };
/* End PBXFileReference section */

/* Begin PBXFrameworksBuildPhase section */
		5605E930D489C7D3265C5A8F /* Frameworks */ = {
			isa = PBXFrameworksBuildPhase;
			buildActionMask = 2147483647;
			files = (
				B9C565229CAC5968CB2A2150 /* GRDB in Frameworks */,
			);
			runOnlyForDeploymentPostprocessing = 0;
		};
/* End PBXFrameworksBuildPhase section */

/* Begin PBXGroup section */
		1CB7BE146575F10B1B816595 /* Sources */ = {
			isa = PBXGroup;
			children = (
				70FC1D8824F5A9C0728637B6 /* Bitscope */,
			);
			path = Sources;
			sourceTree = "<group>";
		};
		70FC1D8824F5A9C0728637B6 /* Bitscope */ = {
			isa = PBXGroup;
			children = (
				5C9B686DF94707CAE7BAF74C /* ActionEnricher.swift */,
				FAE22C05D3F9DDAC21A9788A /* AppModel.swift */,
				AF780801FB000C2C4ABCAFA9 /* Backtester.swift */,
				C1487B95BBC4282F8C81E939 /* BlobStore.swift */,
				925BC6D618D97EAFFF9021B9 /* ClickLogger.swift */,
				28B7BBAD814E194767539682 /* ContentView.swift */,
				F055685992C142ED18A3FB81 /* Database.swift */,
				5ABEF484FBDACBF40285F4B8 /* EventPlayer.swift */,
				95FBC48E8D1C6480C35A61A1 /* EventRecorder.swift */,
				24FB3AC93B541CFCF6902AB9 /* ImageRecognizer.swift */,
				704B6A7D2C4798317DB94247 /* JSONLExporter.swift */,
				2BEA7BC73B24023EFE4F4300 /* main.swift */,
				9A220E413E79D180471905BA /* OCRRunner.swift */,
				7C3E2617C5DF70220D0F8C89 /* PermissionManager.swift */,
				0F74925DF3E903F1B03DEC1F /* Recording.swift */,
				32A951D222A8D4DD8AAD79E5 /* RecordingStore.swift */,
				81B5623C9F88A933BF461A01 /* Redactor.swift */,
				5E0F5691EE0080806451118B /* RetentionManager.swift */,
				A142BFA38ED805376C2A6A95 /* ScreenCapture.swift */,
				37B4119D120032A3509A2F22 /* ScreenReader.swift */,
				518321836AFA953152FCA9C7 /* ScreenshotWatcher.swift */,
				3E573B57A28A805B2B7833D8 /* TradingModel.swift */,
			);
			path = Bitscope;
			sourceTree = "<group>";
		};
		AE96094097CBD9BF65A635FE = {
			isa = PBXGroup;
			children = (
				1CB7BE146575F10B1B816595 /* Sources */,
				EBD948E2A3AA38AC34DCC8AC /* Products */,
			);
			sourceTree = "<group>";
		};
		EBD948E2A3AA38AC34DCC8AC /* Products */ = {
			isa = PBXGroup;
			children = (
				A3683AD26F74F8A1FED79767 /* Bitscope.app */,
			);
			name = Products;
			sourceTree = "<group>";
		};
/* End PBXGroup section */

/* Begin PBXNativeTarget section */
		923AC2A4A6E7921BA8F6A67D /* Bitscope */ = {
			isa = PBXNativeTarget;
			buildConfigurationList = 46B09BC1B99379394658C7DA /* Build configuration list for PBXNativeTarget "Bitscope" */;
			buildPhases = (
				E2B71852C997F1D640FAB511 /* Sources */,
				5605E930D489C7D3265C5A8F /* Frameworks */,
			);
			buildRules = (
			);
			dependencies = (
			);
			name = Bitscope;
			packageProductDependencies = (
				A59AA73AEA287C96278D31B1 /* GRDB */,
			);
			productName = Bitscope;
			productReference = A3683AD26F74F8A1FED79767 /* Bitscope.app */;
			productType = "com.apple.product-type.application";
		};
/* End PBXNativeTarget section */

/* Begin PBXProject section */
		F88F1C2568C5E6FFB4F24D7B /* Project object */ = {
			isa = PBXProject;
			attributes = {
				BuildIndependentTargetsInParallel = YES;
				LastUpgradeCheck = 1430;
				TargetAttributes = {
					923AC2A4A6E7921BA8F6A67D = {
						DevelopmentTeam = "";
						ProvisioningStyle = Automatic;
					};
				};
			};
			buildConfigurationList = E9E849A1400C37CD404CD3B8 /* Build configuration list for PBXProject "Bitscope" */;
			developmentRegion = en;
			hasScannedForEncodings = 0;
			knownRegions = (
				Base,
				en,
			);
			mainGroup = AE96094097CBD9BF65A635FE;
			minimizedProjectReferenceProxies = 1;
			packageReferences = (
				3C8C314CB6EA561E6817B7DB /* XCRemoteSwiftPackageReference "GRDB.swift" */,
			);
			preferredProjectObjectVersion = 77;
			productRefGroup = EBD948E2A3AA38AC34DCC8AC /* Products */;
			projectDirPath = "";
			projectRoot = "";
			targets = (
				923AC2A4A6E7921BA8F6A67D /* Bitscope */,
			);
		};
/* End PBXProject section */

/* Begin PBXSourcesBuildPhase section */
		E2B71852C997F1D640FAB511 /* Sources */ = {
			isa = PBXSourcesBuildPhase;
			buildActionMask = 2147483647;
			files = (
				5E7BE7F3AD8747343FA5A314 /* ActionEnricher.swift in Sources */,
				5410382400B37BA4FEB740ED /* AppModel.swift in Sources */,
				B49F3F7202E0F29BC100DA7C /* Backtester.swift in Sources */,
				B87FF7A607A83EA3D5CB05DA /* BlobStore.swift in Sources */,
				E7CC00D28DEC47CCE2204F14 /* ClickLogger.swift in Sources */,
				AF36FFA880182158132DEAC5 /* ContentView.swift in Sources */,
				83AB64FB07ADB747FEC79BCB /* Database.swift in Sources */,
				F3CEA51FCBF06E1BECBDFCB2 /* EventPlayer.swift in Sources */,
				E126DB1CCFF40045DDED3628 /* EventRecorder.swift in Sources */,
				B765CC07C8F663CFA98F2B46 /* ImageRecognizer.swift in Sources */,
				B5725E601C6967B1CAE6E298 /* JSONLExporter.swift in Sources */,
				8474942B85295BBC9F1C505F /* OCRRunner.swift in Sources */,
				543EB198583D68E3B7043EF8 /* PermissionManager.swift in Sources */,
				7D441E742BD2490143EFDD82 /* Recording.swift in Sources */,
				9FD10DBA0ECBD9E706B1707A /* RecordingStore.swift in Sources */,
				DD8909838D8FFFDAE7AF312E /* Redactor.swift in Sources */,
				8B5657379063AD9046D08E51 /* RetentionManager.swift in Sources */,
				FF10F0BD4B6D596EB987289F /* ScreenCapture.swift in Sources */,
				DA45BFFAFBCDB8D67E4E6EB7 /* ScreenReader.swift in Sources */,
				501D8AC131198B6CEB0D520C /* ScreenshotWatcher.swift in Sources */,
				24569A509459D10D1283AE15 /* TradingModel.swift in Sources */,
				A9FF00CC6B11B48AF41F5D99 /* main.swift in Sources */,
			);
			runOnlyForDeploymentPostprocessing = 0;
		};
/* End PBXSourcesBuildPhase section */

/* Begin XCBuildConfiguration section */
		1C7C45A08050C2C61ED9AD16 /* Release */ = {
			isa = XCBuildConfiguration;
			buildSettings = {
				ALWAYS_SEARCH_USER_PATHS = NO;
				CLANG_ANALYZER_NONNULL = YES;
				CLANG_ANALYZER_NUMBER_OBJECT_CONVERSION = YES_AGGRESSIVE;
				CLANG_CXX_LANGUAGE_STANDARD = "gnu++14";
				CLANG_CXX_LIBRARY = "libc++";
				CLANG_ENABLE_MODULES = YES;
				CLANG_ENABLE_OBJC_ARC = YES;
				CLANG_ENABLE_OBJC_WEAK = YES;
				CLANG_WARN_BLOCK_CAPTURE_AUTORELEASING = YES;
				CLANG_WARN_BOOL_CONVERSION = YES;
				CLANG_WARN_COMMA = YES;
				CLANG_WARN_CONSTANT_CONVERSION = YES;
				CLANG_WARN_DEPRECATED_OBJC_IMPLEMENTATIONS = YES;
				CLANG_WARN_DIRECT_OBJC_ISA_USAGE = YES_ERROR;
				CLANG_WARN_DOCUMENTATION_COMMENTS = YES;
				CLANG_WARN_EMPTY_BODY = YES;
				CLANG_WARN_ENUM_CONVERSION = YES;
				CLANG_WARN_INFINITE_RECURSION = YES;
				CLANG_WARN_INT_CONVERSION = YES;
				CLANG_WARN_NON_LITERAL_NULL_CONVERSION = YES;
				CLANG_WARN_OBJC_IMPLICIT_RETAIN_SELF = YES;
				CLANG_WARN_OBJC_LITERAL_CONVERSION = YES;
				CLANG_WARN_OBJC_ROOT_CLASS = YES_ERROR;
				CLANG_WARN_QUOTED_INCLUDE_IN_FRAMEWORK_HEADER = YES;
				CLANG_WARN_RANGE_LOOP_ANALYSIS = YES;
				CLANG_WARN_STRICT_PROTOTYPES = YES;
				CLANG_WARN_SUSPICIOUS_MOVE = YES;
				CLANG_WARN_UNGUARDED_AVAILABILITY = YES_AGGRESSIVE;
				CLANG_WARN_UNREACHABLE_CODE = YES;
				CLANG_WARN__DUPLICATE_METHOD_MATCH = YES;
				COPY_PHASE_STRIP = NO;
				CURRENT_PROJECT_VERSION = 1;
				DEBUG_INFORMATION_FORMAT = "dwarf-with-dsym";
				ENABLE_NS_ASSERTIONS = NO;
				ENABLE_STRICT_OBJC_MSGSEND = YES;
				GCC_C_LANGUAGE_STANDARD = gnu11;
				GCC_NO_COMMON_BLOCKS = YES;
				GCC_WARN_64_TO_32_BIT_CONVERSION = YES;
				GCC_WARN_ABOUT_RETURN_TYPE = YES_ERROR;
				GCC_WARN_UNDECLARED_SELECTOR = YES;
				GCC_WARN_UNINITIALIZED_AUTOS = YES_AGGRESSIVE;
				GCC_WARN_UNUSED_FUNCTION = YES;
				GCC_WARN_UNUSED_VARIABLE = YES;
				MACOSX_DEPLOYMENT_TARGET = 13.0;
				MARKETING_VERSION = 1.0;
				MTL_ENABLE_DEBUG_INFO = NO;
				MTL_FAST_MATH = YES;
				PRODUCT_NAME = "$(TARGET_NAME)";
				SDKROOT = macosx;
				SWIFT_COMPILATION_MODE = wholemodule;
				SWIFT_OPTIMIZATION_LEVEL = "-O";
				SWIFT_VERSION = 5.9;
			};
			name = Release;
		};
		54BCFC774ED8E2A3D60CFD2E /* Release */ = {
			isa = XCBuildConfiguration;
			buildSettings = {
				ASSETCATALOG_COMPILER_APPICON_NAME = AppIcon;
				CODE_SIGN_IDENTITY = "-";
				CODE_SIGN_STYLE = Automatic;
				COMBINE_HIDPI_IMAGES = YES;
				DEVELOPMENT_TEAM = "";
				ENABLE_HARDENED_RUNTIME = NO;
				GENERATE_INFOPLIST_FILE = NO;
				INFOPLIST_FILE = Resources/Info.plist;
				LD_RUNPATH_SEARCH_PATHS = "@executable_path/../Frameworks";
				PRODUCT_BUNDLE_IDENTIFIER = com.bitscope.Bitscope;
				PRODUCT_NAME = Bitscope;
				SDKROOT = macosx;
			};
			name = Release;
		};
		67E93856E02F61B877B0F79D /* Debug */ = {
			isa = XCBuildConfiguration;
			buildSettings = {
				ASSETCATALOG_COMPILER_APPICON_NAME = AppIcon;
				CODE_SIGN_IDENTITY = "-";
				CODE_SIGN_STYLE = Automatic;
				COMBINE_HIDPI_IMAGES = YES;
				DEVELOPMENT_TEAM = "";
				ENABLE_HARDENED_RUNTIME = NO;
				GENERATE_INFOPLIST_FILE = NO;
				INFOPLIST_FILE = Resources/Info.plist;
				LD_RUNPATH_SEARCH_PATHS = "@executable_path/../Frameworks";
				PRODUCT_BUNDLE_IDENTIFIER = com.bitscope.Bitscope;
				PRODUCT_NAME = Bitscope;
				SDKROOT = macosx;
			};
			name = Debug;
		};
		EE10747E2DBF222995DDE45C /* Debug */ = {
			isa = XCBuildConfiguration;
			buildSettings = {
				ALWAYS_SEARCH_USER_PATHS = NO;
				CLANG_ANALYZER_NONNULL = YES;
				CLANG_ANALYZER_NUMBER_OBJECT_CONVERSION = YES_AGGRESSIVE;
				CLANG_CXX_LANGUAGE_STANDARD = "gnu++14";
				CLANG_CXX_LIBRARY = "libc++";
				CLANG_ENABLE_MODULES = YES;
				CLANG_ENABLE_OBJC_ARC = YES;
				CLANG_ENABLE_OBJC_WEAK = YES;
				CLANG_WARN_BLOCK_CAPTURE_AUTORELEASING = YES;
				CLANG_WARN_BOOL_CONVERSION = YES;
				CLANG_WARN_COMMA = YES;
				CLANG_WARN_CONSTANT_CONVERSION = YES;
				CLANG_WARN_DEPRECATED_OBJC_IMPLEMENTATIONS = YES;
				CLANG_WARN_DIRECT_OBJC_ISA_USAGE = YES_ERROR;
				CLANG_WARN_DOCUMENTATION_COMMENTS = YES;
				CLANG_WARN_EMPTY_BODY = YES;
				CLANG_WARN_ENUM_CONVERSION = YES;
				CLANG_WARN_INFINITE_RECURSION = YES;
				CLANG_WARN_INT_CONVERSION = YES;
				CLANG_WARN_NON_LITERAL_NULL_CONVERSION = YES;
				CLANG_WARN_OBJC_IMPLICIT_RETAIN_SELF = YES;
				CLANG_WARN_OBJC_LITERAL_CONVERSION = YES;
				CLANG_WARN_OBJC_ROOT_CLASS = YES_ERROR;
				CLANG_WARN_QUOTED_INCLUDE_IN_FRAMEWORK_HEADER = YES;
				CLANG_WARN_RANGE_LOOP_ANALYSIS = YES;
				CLANG_WARN_STRICT_PROTOTYPES = YES;
				CLANG_WARN_SUSPICIOUS_MOVE = YES;
				CLANG_WARN_UNGUARDED_AVAILABILITY = YES_AGGRESSIVE;
				CLANG_WARN_UNREACHABLE_CODE = YES;
				CLANG_WARN__DUPLICATE_METHOD_MATCH = YES;
				COPY_PHASE_STRIP = NO;
				CURRENT_PROJECT_VERSION = 1;
				DEBUG_INFORMATION_FORMAT = dwarf;
				ENABLE_STRICT_OBJC_MSGSEND = YES;
				ENABLE_TESTABILITY = YES;
				GCC_C_LANGUAGE_STANDARD = gnu11;
				GCC_DYNAMIC_NO_PIC = NO;
				GCC_NO_COMMON_BLOCKS = YES;
				GCC_OPTIMIZATION_LEVEL = 0;
				GCC_PREPROCESSOR_DEFINITIONS = (
					"$(inherited)",
					"DEBUG=1",
				);
				GCC_WARN_64_TO_32_BIT_CONVERSION = YES;
				GCC_WARN_ABOUT_RETURN_TYPE = YES_ERROR;
				GCC_WARN_UNDECLARED_SELECTOR = YES;
				GCC_WARN_UNINITIALIZED_AUTOS = YES_AGGRESSIVE;
				GCC_WARN_UNUSED_FUNCTION = YES;
				GCC_WARN_UNUSED_VARIABLE = YES;
				MACOSX_DEPLOYMENT_TARGET = 13.0;
				MARKETING_VERSION = 1.0;
				MTL_ENABLE_DEBUG_INFO = INCLUDE_SOURCE;
				MTL_FAST_MATH = YES;
				ONLY_ACTIVE_ARCH = YES;
				PRODUCT_NAME = "$(TARGET_NAME)";
				SDKROOT = macosx;
				SWIFT_ACTIVE_COMPILATION_CONDITIONS = DEBUG;
				SWIFT_OPTIMIZATION_LEVEL = "-Onone";
				SWIFT_VERSION = 5.9;
			};
			name = Debug;
		};
/* End XCBuildConfiguration section */

/* Begin XCConfigurationList section */
		46B09BC1B99379394658C7DA /* Build configuration list for PBXNativeTarget "Bitscope" */ = {
			isa = XCConfigurationList;
			buildConfigurations = (
				67E93856E02F61B877B0F79D /* Debug */,
				54BCFC774ED8E2A3D60CFD2E /* Release */,
			);
			defaultConfigurationIsVisible = 0;
			defaultConfigurationName = Debug;
		};
		E9E849A1400C37CD404CD3B8 /* Build configuration list for PBXProject "Bitscope" */ = {
			isa = XCConfigurationList;
			buildConfigurations = (
				EE10747E2DBF222995DDE45C /* Debug */,
				1C7C45A08050C2C61ED9AD16 /* Release */,
			);
			defaultConfigurationIsVisible = 0;
			defaultConfigurationName = Debug;
		};
/* End XCConfigurationList section */

/* Begin XCRemoteSwiftPackageReference section */
		3C8C314CB6EA561E6817B7DB /* XCRemoteSwiftPackageReference "GRDB.swift" */ = {
			isa = XCRemoteSwiftPackageReference;
			repositoryURL = "https://github.com/groue/GRDB.swift";
			requirement = {
				kind = upToNextMajorVersion;
				minimumVersion = 6.24.0;
			};
		};
/* End XCRemoteSwiftPackageReference section */

/* Begin XCSwiftPackageProductDependency section */
		A59AA73AEA287C96278D31B1 /* GRDB */ = {
			isa = XCSwiftPackageProductDependency;
			package = 3C8C314CB6EA561E6817B7DB /* XCRemoteSwiftPackageReference "GRDB.swift" */;
			productName = GRDB;
		};
/* End XCSwiftPackageProductDependency section */
	};
	rootObject = F88F1C2568C5E6FFB4F24D7B /* Project object */;
}
